{
  "name": "gametest_template_for_simulated_player",
  "version": "1.0.0",
  "lockfileVersion": 2,
  "requires": true,
  "packages": {
    "": {
      "name": "gametest_template_for_simulated_player",
      "version": "1.0.0",
      "license": "GPL-3.0",
      "dependencies": {
        "@minecraft/server": "^1.2.0-beta.1.19.80-preview.21",
        "@minecraft/server-gametest": "^1.0.0-beta.1.19.80-preview.21",
        "@types/mojang-gametest": "^0.1.6",
        "@types/mojang-minecraft": "^0.1.7"
      }
    },
    "node_modules/@minecraft/server": {
      "version": "1.2.0-beta.1.19.80-preview.21",
      "resolved": "https://registry.npmjs.org/@minecraft/server/-/server-1.2.0-beta.1.19.80-preview.21.tgz",
      "integrity": "sha512-lmyX0hvbXuAVN9D+GuAx1IDwLo3AmM5UM3xSoppbzmxwRkV/LzMzX3sqvtBDGxIcdRs41mZofssNCLutHIyGug=="
    },
    "node_modules/@minecraft/server-gametest": {
      "version": "1.0.0-beta.1.19.80-preview.21",
      "resolved": "https://registry.npmjs.org/@minecraft/server-gametest/-/server-gametest-1.0.0-beta.1.19.80-preview.21.tgz",
      "integrity": "sha512-uJdRu8XXCkj8Dlexxv9PxfkU+UXmtMCivFrhsiwQWzxZVqo8rpRrontEXRfZEJpx2i4fVyYC3DjHFqMSyxthYw==",
      "dependencies": {
        "@minecraft/server": "1.2.0-beta.1.19.80-preview.21"
      }
    },
    "node_modules/@types/mojang-gametest": {
      "version": "0.1.6",
      "resolved": "https://registry.npmjs.org/@types/mojang-gametest/-/mojang-gametest-0.1.6.tgz",
      "integrity": "sha512-voKbkQ4vZflFKUld/Gg32AFy1bWhIpSdOrJVtB7ciFZpMmnFWMtbN6Y/ek2DegAWhLk1Q/OS1wICZ7ZJgpnbmg==",
      "dependencies": {
        "@types/mojang-minecraft": "*"
      }
    },
    "node_modules/@types/mojang-minecraft": {
      "version": "0.1.7",
      "resolved": "https://registry.npmjs.org/@types/mojang-minecraft/-/mojang-minecraft-0.1.7.tgz",
      "integrity": "sha512-7YkG0SQYJCaqSm6J2SOHpnVjFJXzrx55Jc9FYUM7u/J7LIxnPhG3BKX85S50YLFYqgTFHW0wlBBx9oLLM0oP6A=="
    }
  },
  "dependencies": {
    "@minecraft/server": {
      "version": "1.2.0-beta.1.19.80-preview.21",
      "resolved": "https://registry.npmjs.org/@minecraft/server/-/server-1.2.0-beta.1.19.80-preview.21.tgz",
      "integrity": "sha512-lmyX0hvbXuAVN9D+GuAx1IDwLo3AmM5UM3xSoppbzmxwRkV/LzMzX3sqvtBDGxIcdRs41mZofssNCLutHIyGug=="
    },
    "@minecraft/server-gametest": {
      "version": "1.0.0-beta.1.19.80-preview.21",
      "resolved": "https://registry.npmjs.org/@minecraft/server-gametest/-/server-gametest-1.0.0-beta.1.19.80-preview.21.tgz",
      "integrity": "sha512-uJdRu8XXCkj8Dlexxv9PxfkU+UXmtMCivFrhsiwQWzxZVqo8rpRrontEXRfZEJpx2i4fVyYC3DjHFqMSyxthYw==",
      "requires": {
        "@minecraft/server": "1.2.0-beta.1.19.80-preview.21"
      }
    },
    "@types/mojang-gametest": {
      "version": "0.1.6",
      "resolved": "https://registry.npmjs.org/@types/mojang-gametest/-/mojang-gametest-0.1.6.tgz",
      "integrity": "sha512-voKbkQ4vZflFKUld/Gg32AFy1bWhIpSdOrJVtB7ciFZpMmnFWMtbN6Y/ek2DegAWhLk1Q/OS1wICZ7ZJgpnbmg==",
      "requires": {
        "@types/mojang-minecraft": "*"
      }
    },
    "@types/mojang-minecraft": {
      "version": "0.1.7",
      "resolved": "https://registry.npmjs.org/@types/mojang-minecraft/-/mojang-minecraft-0.1.7.tgz",
      "integrity": "sha512-7YkG0SQYJCaqSm6J2SOHpnVjFJXzrx55Jc9FYUM7u/J7LIxnPhG3BKX85S50YLFYqgTFHW0wlBBx9oLLM0oP6A=="
    }
  }
}
